// !$*UTF8*$!
{
	archiveVersion = 1;
	classes = {
	};
	objectVersion = 56;
	objects = {

/* Begin PBXBuildFile section */
		227DE3A22C80AE6D00C82F66 /* CountDownForYouApp.swift in Sources */ = {isa = PBXBuildFile; fileRef = 227DE3A12C80AE6D00C82F66 /* CountDownForYouApp.swift */; };
		227DE3A42C80AE6D00C82F66 /* ContentView.swift in Sources */ = {isa = PBXBuildFile; fileRef = 227DE3A32C80AE6D00C82F66 /* ContentView.swift */; };
		227DE3A62C80AE7900C82F66 /* Assets.xcassets in Resources */ = {isa = PBXBuildFile; fileRef = 227DE3A52C80AE7900C82F66 /* Assets.xcassets */; };
		227DE3A92C80AE7900C82F66 /* Preview Assets.xcassets in Resources */ = {isa = PBXBuildFile; fileRef = 227DE3A82C80AE7900C82F66 /* Preview Assets.xcassets */; };
		227DE3B02C80AF9E00C82F66 /* EventModel.swift in Sources */ = {isa = PBXBuildFile; fileRef = 227DE3AF2C80AF9E00C82F66 /* EventModel.swift */; };
		227DE3B42C80D70B00C82F66 /* EventsView.swift in Sources */ = {isa = PBXBuildFile; fileRef = 227DE3B32C80D70B00C82F66 /* EventsView.swift */; };
		227DE3B62C80DA5F00C82F66 /* EventRow.swift in Sources */ = {isa = PBXBuildFile; fileRef = 227DE3B52C80DA5F00C82F66 /* EventRow.swift */; };
		227DE3D42C86C72100C82F66 /* EventForm.swift in Sources */ = {isa = PBXBuildFile; fileRef = 227DE3D32C86C72100C82F66 /* EventForm.swift */; };
		227DE3D92C89FF5500C82F66 /* EventViewModel.swift in Sources */ = {isa = PBXBuildFile; fileRef = 227DE3D82C89FF5500C82F66 /* EventViewModel.swift */; };
		227DE3DB2C89FF7400C82F66 /* EventsViewModel.swift in Sources */ = {isa = PBXBuildFile; fileRef = 227DE3DA2C89FF7400C82F66 /* EventsViewModel.swift */; };
		227DE3DE2C8A042C00C82F66 /* UserDefaultUtil.swift in Sources */ = {isa = PBXBuildFile; fileRef = 227DE3DD2C8A042C00C82F66 /* UserDefaultUtil.swift */; };
/* End PBXBuildFile section */

/* Begin PBXFileReference section */
		227DE39E2C80AE6D00C82F66 /* CountDownForYou.app */ = {isa = PBXFileReference; explicitFileType = wrapper.application; includeInIndex = 0; path = CountDownForYou.app; sourceTree = BUILT_PRODUCTS_DIR; };
		227DE3A12C80AE6D00C82F66 /* CountDownForYouApp.swift */ = {isa = PBXFileReference; lastKnownFileType = sourcecode.swift; path = CountDownForYouApp.swift; sourceTree = "<group>"; };
		227DE3A32C80AE6D00C82F66 /* ContentView.swift */ = {isa = PBXFileReference; lastKnownFileType = sourcecode.swift; path = ContentView.swift; sourceTree = "<group>"; };
		227DE3A52C80AE7900C82F66 /* Assets.xcassets */ = {isa = PBXFileReference; lastKnownFileType = folder.assetcatalog; path = Assets.xcassets; sourceTree = "<group>"; };
		227DE3A82C80AE7900C82F66 /* Preview Assets.xcassets */ = {isa = PBXFileReference; lastKnownFileType = folder.assetcatalog; path = "Preview Assets.xcassets"; sourceTree = "<group>"; };
		227DE3AF2C80AF9E00C82F66 /* EventModel.swift */ = {isa = PBXFileReference; lastKnownFileType = sourcecode.swift; path = EventModel.swift; sourceTree = "<group>"; };
		227DE3B32C80D70B00C82F66 /* EventsView.swift */ = {isa = PBXFileReference; lastKnownFileType = sourcecode.swift; path = EventsView.swift; sourceTree = "<group>"; };
		227DE3B52C80DA5F00C82F66 /* EventRow.swift */ = {isa = PBXFileReference; lastKnownFileType = sourcecode.swift; path = EventRow.swift; sourceTree = "<group>"; };
		227DE3D32C86C72100C82F66 /* EventForm.swift */ = {isa = PBXFileReference; lastKnownFileType = sourcecode.swift; path = EventForm.swift; sourceTree = "<group>"; };
		227DE3D82C89FF5500C82F66 /* EventViewModel.swift */ = {isa = PBXFileReference; lastKnownFileType = sourcecode.swift; path = EventViewModel.swift; sourceTree = "<group>"; };
		227DE3DA2C89FF7400C82F66 /* EventsViewModel.swift */ = {isa = PBXFileReference; lastKnownFileType = sourcecode.swift; path = EventsViewModel.swift; sourceTree = "<group>"; };
		227DE3DD2C8A042C00C82F66 /* UserDefaultUtil.swift */ = {isa = PBXFileReference; lastKnownFileType = sourcecode.swift; path = UserDefaultUtil.swift; sourceTree = "<group>"; };
/* End PBXFileReference section */

/* Begin PBXFrameworksBuildPhase section */
		227DE39B2C80AE6D00C82F66 /* Frameworks */ = {
			isa = PBXFrameworksBuildPhase;
			buildActionMask = 2147483647;
			files = (
			);
			runOnlyForDeploymentPostprocessing = 0;
		};
/* End PBXFrameworksBuildPhase section */

/* Begin PBXGroup section */
		227DE3952C80AE6D00C82F66 = {
			isa = PBXGroup;
			children = (
				227DE3A02C80AE6D00C82F66 /* CountDownForYou */,
				227DE39F2C80AE6D00C82F66 /* Products */,
			);
			sourceTree = "<group>";
		};
		227DE39F2C80AE6D00C82F66 /* Products */ = {
			isa = PBXGroup;
			children = (
				227DE39E2C80AE6D00C82F66 /* CountDownForYou.app */,
			);
			name = Products;
			sourceTree = "<group>";
		};
		227DE3A02C80AE6D00C82F66 /* CountDownForYou */ = {
			isa = PBXGroup;
			children = (
				227DE3DC2C8A03FC00C82F66 /* Ultility */,
				227DE3B22C80D70200C82F66 /* View */,
				227DE3B12C80D6F600C82F66 /* Model */,
				227DE3A12C80AE6D00C82F66 /* CountDownForYouApp.swift */,
				227DE3A32C80AE6D00C82F66 /* ContentView.swift */,
				227DE3A52C80AE7900C82F66 /* Assets.xcassets */,
				227DE3A72C80AE7900C82F66 /* Preview Content */,
			);
			path = CountDownForYou;
			sourceTree = "<group>";
		};
		227DE3A72C80AE7900C82F66 /* Preview Content */ = {
			isa = PBXGroup;
			children = (
				227DE3A82C80AE7900C82F66 /* Preview Assets.xcassets */,
			);
			path = "Preview Content";
			sourceTree = "<group>";
		};
		227DE3B12C80D6F600C82F66 /* Model */ = {
			isa = PBXGroup;
			children = (
				227DE3AF2C80AF9E00C82F66 /* EventModel.swift */,
			);
			path = Model;
			sourceTree = "<group>";
		};
		227DE3B22C80D70200C82F66 /* View */ = {
			isa = PBXGroup;
			children = (
				227DE3B32C80D70B00C82F66 /* EventsView.swift */,
				227DE3B52C80DA5F00C82F66 /* EventRow.swift */,
				227DE3D32C86C72100C82F66 /* EventForm.swift */,
				227DE3D82C89FF5500C82F66 /* EventViewModel.swift */,
				227DE3DA2C89FF7400C82F66 /* EventsViewModel.swift */,
			);
			path = View;
			sourceTree = "<group>";
		};
		227DE3DC2C8A03FC00C82F66 /* Ultility */ = {
			isa = PBXGroup;
			children = (
				227DE3DD2C8A042C00C82F66 /* UserDefaultUtil.swift */,
			);
			path = Ultility;
			sourceTree = "<group>";
		};
/* End PBXGroup section */

/* Begin PBXNativeTarget section */
		227DE39D2C80AE6D00C82F66 /* CountDownForYou */ = {
			isa = PBXNativeTarget;
			buildConfigurationList = 227DE3AC2C80AE7900C82F66 /* Build configuration list for PBXNativeTarget "CountDownForYou" */;
			buildPhases = (
				227DE39A2C80AE6D00C82F66 /* Sources */,
				227DE39B2C80AE6D00C82F66 /* Frameworks */,
				227DE39C2C80AE6D00C82F66 /* Resources */,
			);
			buildRules = (
			);
			dependencies = (
			);
			name = CountDownForYou;
			productName = CountDownForYou;
			productReference = 227DE39E2C80AE6D00C82F66 /* CountDownForYou.app */;
			productType = "com.apple.product-type.application";
		};
/* End PBXNativeTarget section */

/* Begin PBXProject section */
		227DE3962C80AE6D00C82F66 /* Project object */ = {
			isa = PBXProject;
			attributes = {
				BuildIndependentTargetsInParallel = 1;
				LastSwiftUpdateCheck = 1520;
				LastUpgradeCheck = 1520;
				TargetAttributes = {
					227DE39D2C80AE6D00C82F66 = {
						CreatedOnToolsVersion = 15.2;
					};
				};
			};
			buildConfigurationList = 227DE3992C80AE6D00C82F66 /* Build configuration list for PBXProject "CountDownForYou" */;
			compatibilityVersion = "Xcode 14.0";
			developmentRegion = en;
			hasScannedForEncodings = 0;
			knownRegions = (
				en,
				Base,
			);
			mainGroup = 227DE3952C80AE6D00C82F66;
			productRefGroup = 227DE39F2C80AE6D00C82F66 /* Products */;
			projectDirPath = "";
			projectRoot = "";
			targets = (
				227DE39D2C80AE6D00C82F66 /* CountDownForYou */,
			);
		};
/* End PBXProject section */

/* Begin PBXResourcesBuildPhase section */
		227DE39C2C80AE6D00C82F66 /* Resources */ = {
			isa = PBXResourcesBuildPhase;
			buildActionMask = 2147483647;
			files = (
				227DE3A92C80AE7900C82F66 /* Preview Assets.xcassets in Resources */,
				227DE3A62C80AE7900C82F66 /* Assets.xcassets in Resources */,
			);
			runOnlyForDeploymentPostprocessing = 0;
		};
/* End PBXResourcesBuildPhase section */

/* Begin PBXSourcesBuildPhase section */
		227DE39A2C80AE6D00C82F66 /* Sources */ = {
			isa = PBXSourcesBuildPhase;
			buildActionMask = 2147483647;
			files = (
				227DE3B02C80AF9E00C82F66 /* EventModel.swift in Sources */,
				227DE3DB2C89FF7400C82F66 /* EventsViewModel.swift in Sources */,
				227DE3A42C80AE6D00C82F66 /* ContentView.swift in Sources */,
				227DE3B62C80DA5F00C82F66 /* EventRow.swift in Sources */,
				227DE3A22C80AE6D00C82F66 /* CountDownForYouApp.swift in Sources */,
				227DE3D42C86C72100C82F66 /* EventForm.swift in Sources */,
				227DE3D92C89FF5500C82F66 /* EventViewModel.swift in Sources */,
				227DE3B42C80D70B00C82F66 /* EventsView.swift in Sources */,
				227DE3DE2C8A042C00C82F66 /* UserDefaultUtil.swift in Sources */,
			);
			runOnlyForDeploymentPostprocessing = 0;
		};
/* End PBXSourcesBuildPhase section */

/* Begin XCBuildConfiguration section */
		227DE3AA2C80AE7900C82F66 /* Debug */ = {
			isa = XCBuildConfiguration;
			buildSettings = {
				ALWAYS_SEARCH_USER_PATHS = NO;
				ASSETCATALOG_COMPILER_GENERATE_SWIFT_ASSET_SYMBOL_EXTENSIONS = YES;
				CLANG_ANALYZER_NONNULL = YES;
				CLANG_ANALYZER_NUMBER_OBJECT_CONVERSION = YES_AGGRESSIVE;
				CLANG_CXX_LANGUAGE_STANDARD = "gnu++20";
				CLANG_ENABLE_MODULES = YES;
				CLANG_ENABLE_OBJC_ARC = YES;
				CLANG_ENABLE_OBJC_WEAK = YES;
				CLANG_WARN_BLOCK_CAPTURE_AUTORELEASING = YES;
				CLANG_WARN_BOOL_CONVERSION = YES;
				CLANG_WARN_COMMA = YES;
				CLANG_WARN_CONSTANT_CONVERSION = YES;
				CLANG_WARN_DEPRECATED_OBJC_IMPLEMENTATIONS = YES;
				CLANG_WARN_DIRECT_OBJC_ISA_USAGE = YES_ERROR;
				CLANG_WARN_DOCUMENTATION_COMMENTS = YES;
				CLANG_WARN_EMPTY_BODY = YES;
				CLANG_WARN_ENUM_CONVERSION = YES;
				CLANG_WARN_INFINITE_RECURSION = YES;
				CLANG_WARN_INT_CONVERSION = YES;
				CLANG_WARN_NON_LITERAL_NULL_CONVERSION = YES;
				CLANG_WARN_OBJC_IMPLICIT_RETAIN_SELF = YES;
				CLANG_WARN_OBJC_LITERAL_CONVERSION = YES;
				CLANG_WARN_OBJC_ROOT_CLASS = YES_ERROR;
				CLANG_WARN_QUOTED_INCLUDE_IN_FRAMEWORK_HEADER = YES;
				CLANG_WARN_RANGE_LOOP_ANALYSIS = YES;
				CLANG_WARN_STRICT_PROTOTYPES = YES;
				CLANG_WARN_SUSPICIOUS_MOVE = YES;
				CLANG_WARN_UNGUARDED_AVAILABILITY = YES_AGGRESSIVE;
				CLANG_WARN_UNREACHABLE_CODE = YES;
				CLANG_WARN__DUPLICATE_METHOD_MATCH = YES;
				COPY_PHASE_STRIP = NO;
				DEBUG_INFORMATION_FORMAT = dwarf;
				ENABLE_STRICT_OBJC_MSGSEND = YES;
				ENABLE_TESTABILITY = YES;
				ENABLE_USER_SCRIPT_SANDBOXING = YES;
				GCC_C_LANGUAGE_STANDARD = gnu17;
				GCC_DYNAMIC_NO_PIC = NO;
				GCC_NO_COMMON_BLOCKS = YES;
				GCC_OPTIMIZATION_LEVEL = 0;
				GCC_PREPROCESSOR_DEFINITIONS = (
					"DEBUG=1",
					"$(inherited)",
				);
				GCC_WARN_64_TO_32_BIT_CONVERSION = YES;
				GCC_WARN_ABOUT_RETURN_TYPE = YES_ERROR;
				GCC_WARN_UNDECLARED_SELECTOR = YES;
				GCC_WARN_UNINITIALIZED_AUTOS = YES_AGGRESSIVE;
				GCC_WARN_UNUSED_FUNCTION = YES;
				GCC_WARN_UNUSED_VARIABLE = YES;
				IPHONEOS_DEPLOYMENT_TARGET = 17.2;
				LOCALIZATION_PREFERS_STRING_CATALOGS = YES;
				MTL_ENABLE_DEBUG_INFO = INCLUDE_SOURCE;
				MTL_FAST_MATH = YES;
				ONLY_ACTIVE_ARCH = YES;
				SDKROOT = iphoneos;
				SWIFT_ACTIVE_COMPILATION_CONDITIONS = "DEBUG $(inherited)";
				SWIFT_OPTIMIZATION_LEVEL = "-Onone";
			};
			name = Debug;
		};
		227DE3AB2C80AE7900C82F66 /* Release */ = {
			isa = XCBuildConfiguration;
			buildSettings = {
				ALWAYS_SEARCH_USER_PATHS = NO;
				ASSETCATALOG_COMPILER_GENERATE_SWIFT_ASSET_SYMBOL_EXTENSIONS = YES;
				CLANG_ANALYZER_NONNULL = YES;
				CLANG_ANALYZER_NUMBER_OBJECT_CONVERSION = YES_AGGRESSIVE;
				CLANG_CXX_LANGUAGE_STANDARD = "gnu++20";
				CLANG_ENABLE_MODULES = YES;
				CLANG_ENABLE_OBJC_ARC = YES;
				CLANG_ENABLE_OBJC_WEAK = YES;
				CLANG_WARN_BLOCK_CAPTURE_AUTORELEASING = YES;
				CLANG_WARN_BOOL_CONVERSION = YES;
				CLANG_WARN_COMMA = YES;
				CLANG_WARN_CONSTANT_CONVERSION = YES;
				CLANG_WARN_DEPRECATED_OBJC_IMPLEMENTATIONS = YES;
				CLANG_WARN_DIRECT_OBJC_ISA_USAGE = YES_ERROR;
				CLANG_WARN_DOCUMENTATION_COMMENTS = YES;
				CLANG_WARN_EMPTY_BODY = YES;
				CLANG_WARN_ENUM_CONVERSION = YES;
				CLANG_WARN_INFINITE_RECURSION = YES;
				CLANG_WARN_INT_CONVERSION = YES;
				CLANG_WARN_NON_LITERAL_NULL_CONVERSION = YES;
				CLANG_WARN_OBJC_IMPLICIT_RETAIN_SELF = YES;
				CLANG_WARN_OBJC_LITERAL_CONVERSION = YES;
				CLANG_WARN_OBJC_ROOT_CLASS = YES_ERROR;
				CLANG_WARN_QUOTED_INCLUDE_IN_FRAMEWORK_HEADER = YES;
				CLANG_WARN_RANGE_LOOP_ANALYSIS = YES;
				CLANG_WARN_STRICT_PROTOTYPES = YES;
				CLANG_WARN_SUSPICIOUS_MOVE = YES;
				CLANG_WARN_UNGUARDED_AVAILABILITY = YES_AGGRESSIVE;
				CLANG_WARN_UNREACHABLE_CODE = YES;
				CLANG_WARN__DUPLICATE_METHOD_MATCH = YES;
				COPY_PHASE_STRIP = NO;
				DEBUG_INFORMATION_FORMAT = "dwarf-with-dsym";
				ENABLE_NS_ASSERTIONS = NO;
				ENABLE_STRICT_OBJC_MSGSEND = YES;
				ENABLE_USER_SCRIPT_SANDBOXING = YES;
				GCC_C_LANGUAGE_STANDARD = gnu17;
				GCC_NO_COMMON_BLOCKS = YES;
				GCC_WARN_64_TO_32_BIT_CONVERSION = YES;
				GCC_WARN_ABOUT_RETURN_TYPE = YES_ERROR;
				GCC_WARN_UNDECLARED_SELECTOR = YES;
				GCC_WARN_UNINITIALIZED_AUTOS = YES_AGGRESSIVE;
				GCC_WARN_UNUSED_FUNCTION = YES;
				GCC_WARN_UNUSED_VARIABLE = YES;
				IPHONEOS_DEPLOYMENT_TARGET = 17.2;
				LOCALIZATION_PREFERS_STRING_CATALOGS = YES;
				MTL_ENABLE_DEBUG_INFO = NO;
				MTL_FAST_MATH = YES;
				SDKROOT = iphoneos;
				SWIFT_COMPILATION_MODE = wholemodule;
				VALIDATE_PRODUCT = YES;
			};
			name = Release;
		};
		227DE3AD2C80AE7900C82F66 /* Debug */ = {
			isa = XCBuildConfiguration;
			buildSettings = {
				ASSETCATALOG_COMPILER_APPICON_NAME = AppIcon;
				ASSETCATALOG_COMPILER_GLOBAL_ACCENT_COLOR_NAME = AccentColor;
				CODE_SIGN_STYLE = Automatic;
				CURRENT_PROJECT_VERSION = 1;
				DEVELOPMENT_ASSET_PATHS = "\"CountDownForYou/Preview Content\"";
				ENABLE_PREVIEWS = YES;
				GENERATE_INFOPLIST_FILE = YES;
				INFOPLIST_KEY_UIApplicationSceneManifest_Generation = YES;
				INFOPLIST_KEY_UIApplicationSupportsIndirectInputEvents = YES;
				INFOPLIST_KEY_UILaunchScreen_Generation = YES;
				INFOPLIST_KEY_UISupportedInterfaceOrientations_iPad = "UIInterfaceOrientationPortrait UIInterfaceOrientationPortraitUpsideDown UIInterfaceOrientationLandscapeLeft UIInterfaceOrientationLandscapeRight";
				INFOPLIST_KEY_UISupportedInterfaceOrientations_iPhone = "UIInterfaceOrientationPortrait UIInterfaceOrientationLandscapeLeft UIInterfaceOrientationLandscapeRight";
				LD_RUNPATH_SEARCH_PATHS = (
					"$(inherited)",
					"@executable_path/Frameworks",
				);
				MARKETING_VERSION = 1.0;
				PRODUCT_BUNDLE_IDENTIFIER = sinhlh.CountDownForYou;
				PRODUCT_NAME = "$(TARGET_NAME)";
				SWIFT_EMIT_LOC_STRINGS = YES;
				SWIFT_VERSION = 5.0;
				TARGETED_DEVICE_FAMILY = "1,2";
			};
			name = Debug;
		};
		227DE3AE2C80AE7900C82F66 /* Release */ = {
			isa = XCBuildConfiguration;
			buildSettings = {
				ASSETCATALOG_COMPILER_APPICON_NAME = AppIcon;
				ASSETCATALOG_COMPILER_GLOBAL_ACCENT_COLOR_NAME = AccentColor;
				CODE_SIGN_STYLE = Automatic;
				CURRENT_PROJECT_VERSION = 1;
				DEVELOPMENT_ASSET_PATHS = "\"CountDownForYou/Preview Content\"";
				ENABLE_PREVIEWS = YES;
				GENERATE_INFOPLIST_FILE = YES;
				INFOPLIST_KEY_UIApplicationSceneManifest_Generation = YES;
				INFOPLIST_KEY_UIApplicationSupportsIndirectInputEvents = YES;
				INFOPLIST_KEY_UILaunchScreen_Generation = YES;
				INFOPLIST_KEY_UISupportedInterfaceOrientations_iPad = "UIInterfaceOrientationPortrait UIInterfaceOrientationPortraitUpsideDown UIInterfaceOrientationLandscapeLeft UIInterfaceOrientationLandscapeRight";
				INFOPLIST_KEY_UISupportedInterfaceOrientations_iPhone = "UIInterfaceOrientationPortrait UIInterfaceOrientationLandscapeLeft UIInterfaceOrientationLandscapeRight";
				LD_RUNPATH_SEARCH_PATHS = (
					"$(inherited)",
					"@executable_path/Frameworks",
				);
				MARKETING_VERSION = 1.0;
				PRODUCT_BUNDLE_IDENTIFIER = sinhlh.CountDownForYou;
				PRODUCT_NAME = "$(TARGET_NAME)";
				SWIFT_EMIT_LOC_STRINGS = YES;
				SWIFT_VERSION = 5.0;
				TARGETED_DEVICE_FAMILY = "1,2";
			};
			name = Release;
		};
/* End XCBuildConfiguration section */

/* Begin XCConfigurationList section */
		227DE3992C80AE6D00C82F66 /* Build configuration list for PBXProject "CountDownForYou" */ = {
			isa = XCConfigurationList;
			buildConfigurations = (
				227DE3AA2C80AE7900C82F66 /* Debug */,
				227DE3AB2C80AE7900C82F66 /* Release */,
			);
			defaultConfigurationIsVisible = 0;
			defaultConfigurationName = Release;
		};
		227DE3AC2C80AE7900C82F66 /* Build configuration list for PBXNativeTarget "CountDownForYou" */ = {
			isa = XCConfigurationList;
			buildConfigurations = (
				227DE3AD2C80AE7900C82F66 /* Debug */,
				227DE3AE2C80AE7900C82F66 /* Release */,
			);
			defaultConfigurationIsVisible = 0;
			defaultConfigurationName = Release;
		};
/* End XCConfigurationList section */
	};
	rootObject = 227DE3962C80AE6D00C82F66 /* Project object */;
}
